{
  "nodes": {
    "crane": {
      "inputs": {
        "nixpkgs": [
          "git-point",
          "nixpkgs"
        ]
      },
      "locked": {
        "lastModified": 1722960479,
        "narHash": "sha256-NhCkJJQhD5GUib8zN9JrmYGMwt4lCRp6ZVNzIiYCl0Y=",
        "owner": "ipetkov",
        "repo": "crane",
        "rev": "4c6c77920b8d44cd6660c1621dea6b3fc4b4c4f4",
        "type": "github"
      },
      "original": {
        "owner": "ipetkov",
        "repo": "crane",
        "type": "github"
      }
    },
    "flake-utils": {
      "inputs": {
        "systems": "systems"
      },
      "locked": {
        "lastModified": 1710146030,
        "narHash": "sha256-SZ5L6eA7HJ/nmkzGG7/ISclqe6oZdOZTNoesiInkXPQ=",
        "owner": "numtide",
        "repo": "flake-utils",
        "rev": "b1d9ab70662946ef0850d488da1c9019f3a9752a",
        "type": "github"
      },
      "original": {
        "owner": "numtide",
        "repo": "flake-utils",
        "type": "github"
      }
    },
    "flakey-profile": {
      "locked": {
        "lastModified": 1712898590,
        "narHash": "sha256-FhGIEU93VHAChKEXx905TSiPZKga69bWl1VB37FK//I=",
        "owner": "lf-",
        "repo": "flakey-profile",
        "rev": "243c903fd8eadc0f63d205665a92d4df91d42d9d",
        "type": "github"
      },
      "original": {
        "owner": "lf-",
        "repo": "flakey-profile",
        "type": "github"
      }
    },
    "git-point": {
      "inputs": {
        "crane": "crane",
        "flake-utils": [
          "flake-utils"
        ],
        "nixpkgs": [
          "nixpkgs"
        ]
      },
      "locked": {
        "lastModified": 1723307637,
        "narHash": "sha256-C+f+izZkYNtBa+LyTEJ+bevWfg6Rv2NaZGtqqJV28vA=",
        "owner": "Qyriad",
        "repo": "git-point",
        "rev": "2ea7a3d1800306c36b8aadc40348f8f309ac95a3",
        "type": "github"
      },
      "original": {
        "owner": "Qyriad",
        "repo": "git-point",
        "type": "github"
      }
    },
    "lix": {
      "flake": false,
      "locked": {
        "lastModified": 1724624492,
        "narHash": "sha256-J3COggDipocT+ozSxz96GuwSyMrT5+Xa2fGfxaIShqw=",
        "ref": "refs/heads/main",
        "rev": "b6884388a1281d70bb4e5bb12e1cadd34bb832f0",
        "revCount": 16191,
        "type": "git",
        "url": "https://git.lix.systems/lix-project/lix"
      },
      "original": {
        "type": "git",
        "url": "https://git.lix.systems/lix-project/lix"
      }
    },
    "lix-module": {
      "inputs": {
        "flake-utils": [
          "flake-utils"
        ],
        "flakey-profile": "flakey-profile",
        "lix": [
          "lix"
        ],
        "nixpkgs": [
          "nixpkgs"
        ]
      },
      "locked": {
        "lastModified": 1723511483,
        "narHash": "sha256-rT/OkVXKkns2YvyF1nFvl+8Gc3sld1c1sXPtGkbqaDY=",
        "ref": "refs/heads/main",
        "rev": "cecf70b77539c1a593f60ec9d0305b5e537ab6a9",
        "revCount": 106,
        "type": "git",
        "url": "https://git.lix.systems/lix-project/nixos-module"
      },
      "original": {
        "type": "git",
        "url": "https://git.lix.systems/lix-project/nixos-module"
      }
    },
    "log2compdb": {
      "inputs": {
        "flake-utils": [
          "flake-utils"
        ],
        "nixpkgs": [
          "nixpkgs"
        ]
      },
      "locked": {
        "lastModified": 1715985749,
        "narHash": "sha256-0eOJB3MbSoY24LqNFavqSwXOzGqp7qo8bitSu12mutY=",
        "owner": "Qyriad",
        "repo": "log2compdb",
        "rev": "337f05e6341fb9ce00e18b66d3831660a5029647",
        "type": "github"
      },
      "original": {
        "owner": "Qyriad",
        "repo": "log2compdb",
        "type": "github"
      }
    },
    "nix-darwin": {
      "inputs": {
        "nixpkgs": [
          "nixpkgs"
        ]
      },
      "locked": {
        "lastModified": 1724561770,
        "narHash": "sha256-zv8C9RNa86CIpyHwPIVO/k+5TfM8ZbjGwOOpTe1grls=",
        "owner": "LnL7",
        "repo": "nix-darwin",
        "rev": "ac5694a0b855a981e81b4d9f14052e3ff46ca39e",
        "type": "github"
      },
      "original": {
        "owner": "LnL7",
        "repo": "nix-darwin",
        "type": "github"
      }
    },
    "nixpkgs": {
      "locked": {
        "lastModified": 1724479785,
        "narHash": "sha256-pP3Azj5d6M5nmG68Fu4JqZmdGt4S4vqI5f8te+E/FTw=",
        "owner": "NixOS",
        "repo": "nixpkgs",
        "rev": "d0e1602ddde669d5beb01aec49d71a51937ed7be",
        "type": "github"
      },
      "original": {
        "owner": "NixOS",
        "ref": "nixos-unstable",
        "repo": "nixpkgs",
        "type": "github"
      }
    },
    "niz": {
      "inputs": {
        "flake-utils": [
          "flake-utils"
        ],
        "nixpkgs": [
          "nixpkgs"
        ]
      },
      "locked": {
        "lastModified": 1719242478,
        "narHash": "sha256-rrvSpu9hFWxKbIM2jWsocdW7ZTJrhKO3UA9PD5tkqTw=",
        "owner": "Qyriad",
        "repo": "niz",
        "rev": "e5865887a0bef53b397d888d7949590f32667ab4",
        "type": "github"
      },
      "original": {
        "owner": "Qyriad",
        "repo": "niz",
        "type": "github"
      }
    },
    "pzl": {
      "inputs": {
        "flake-utils": [
          "flake-utils"
        ],
        "nixpkgs": [
          "nixpkgs"
        ]
      },
      "locked": {
        "lastModified": 1720655500,
        "narHash": "sha256-KA24xT7cxiqSOHC7bHWfYjNF1RFYYBqeL2+5ec1wLV8=",
        "owner": "Qyriad",
        "repo": "pzl",
        "rev": "c84b2458d2c19dbfa26dc1e4b0fbbc6da01d283c",
        "type": "github"
      },
      "original": {
        "owner": "Qyriad",
        "repo": "pzl",
        "type": "github"
      }
    },
    "qyriad-nur": {
      "inputs": {
        "flake-utils": [
          "flake-utils"
        ],
        "nixpkgs": [
          "nixpkgs"
        ]
      },
      "locked": {
        "lastModified": 1722974954,
        "narHash": "sha256-94BfqmRiBTq3uQeUhjZMt3fw/5vUsuMcKJkOdZHbbJg=",
        "owner": "Qyriad",
        "repo": "nur-packages",
        "rev": "561d78b434d994c2b6235d773d891c7846d2ee43",
        "type": "github"
      },
      "original": {
        "owner": "Qyriad",
        "repo": "nur-packages",
        "type": "github"
      }
    },
    "root": {
      "inputs": {
        "flake-utils": "flake-utils",
        "git-point": "git-point",
        "lix": "lix",
        "lix-module": "lix-module",
        "log2compdb": "log2compdb",
        "nix-darwin": "nix-darwin",
        "nixpkgs": "nixpkgs",
        "niz": "niz",
        "pzl": "pzl",
        "qyriad-nur": "qyriad-nur",
        "xil": "xil",
        "xonsh-source": "xonsh-source"
      }
    },
    "systems": {
      "locked": {
        "lastModified": 1681028828,
        "narHash": "sha256-Vy1rq5AaRuLzOxct8nz4T6wlgyUR7zLU309k9mBC768=",
        "owner": "nix-systems",
        "repo": "default",
        "rev": "da67096a3b9bf56a91d16901293e51ba5b49a27e",
        "type": "github"
      },
      "original": {
        "owner": "nix-systems",
        "repo": "default",
        "type": "github"
      }
    },
    "xil": {
      "inputs": {
        "flake-utils": [
          "flake-utils"
        ],
        "nixpkgs": [
          "nixpkgs"
        ]
      },
      "locked": {
        "lastModified": 1719236664,
        "narHash": "sha256-AUXjPlfHpUQs+gKznmiHRaWZNWpKRNDE3R85oR/6hlY=",
        "owner": "Qyriad",
        "repo": "Xil",
        "rev": "563229c826e6b37a64e72d29154ab96e8ee18fcb",
        "type": "github"
      },
      "original": {
        "owner": "Qyriad",
        "repo": "Xil",
        "type": "github"
      }
    },
    "xonsh-source": {
      "flake": false,
      "locked": {
        "lastModified": 1724159478,
        "narHash": "sha256-MJTsYnuFENHLDDMIWcs0IRcBmWs4XyfDWDG7AY2P6cM=",
        "owner": "xonsh",
        "repo": "xonsh",
        "rev": "27ab7f13316351299cceb3cf7fee580b4a48a946",
        "type": "github"
      },
      "original": {
        "owner": "xonsh",
        "repo": "xonsh",
        "type": "github"
      }
    }
  },
  "root": "root",
  "version": 7
}
