{
  "nodes": {
    "flake-utils": {
      "inputs": {
        "systems": "systems"
      },
      "locked": {
        "lastModified": 1694529238,
        "narHash": "sha256-zsNZZGTGnMOf9YpHKJqMSsa0dXbfmxeoJ7xHlrt+xmY=",
        "owner": "numtide",
        "repo": "flake-utils",
        "rev": "ff7b65b44d01cf9ba6a71320833626af21126384",
        "type": "github"
      },
      "original": {
        "owner": "numtide",
        "repo": "flake-utils",
        "type": "github"
      }
    },
    "flake-utils_2": {
      "inputs": {
        "systems": "systems_2"
      },
      "locked": {
        "lastModified": 1685518550,
        "narHash": "sha256-o2d0KcvaXzTrPRIo0kOLV0/QXHhDQ5DTi+OxcjO8xqY=",
        "owner": "numtide",
        "repo": "flake-utils",
        "rev": "a1720a10a6cfe8234c0e93907ffe81be440f4cef",
        "type": "github"
      },
      "original": {
        "owner": "numtide",
        "repo": "flake-utils",
        "type": "github"
      }
    },
    "nixpkgs": {
      "locked": {
        "lastModified": 1695830400,
        "narHash": "sha256-gToZXQVr0G/1WriO83olnqrLSHF2Jb8BPcmCt497ro0=",
        "owner": "NixOS",
        "repo": "nixpkgs",
        "rev": "8a86b98f0ba1c405358f1b71ff8b5e1d317f5db2",
        "type": "github"
      },
      "original": {
        "owner": "NixOS",
        "ref": "nixos-unstable",
        "repo": "nixpkgs",
        "type": "github"
      }
    },
    "nixpkgs_2": {
      "locked": {
        "lastModified": 1686277352,
        "narHash": "sha256-quryYLnntwZZrwJ4Vsx24hiCkwiYZAEttiOu983akGg=",
        "owner": "NixOS",
        "repo": "nixpkgs",
        "rev": "a9fa8f8450a2ae296f152a9b3d52df68d24b7cfc",
        "type": "github"
      },
      "original": {
        "owner": "NixOS",
        "ref": "nixpkgs-unstable",
        "repo": "nixpkgs",
        "type": "github"
      }
    },
    "nixseparatedebuginfod": {
      "inputs": {
        "flake-utils": "flake-utils_2",
        "nixpkgs": "nixpkgs_2"
      },
      "locked": {
        "lastModified": 1695643200,
        "narHash": "sha256-49SPrO9fWeIoSXS5pFFFhcC4kyfQik5B2J+GSuMopjE=",
        "owner": "symphorien",
        "repo": "nixseparatedebuginfod",
        "rev": "318ada174f6e6510a50abb69b7765a28c8009b1a",
        "type": "github"
      },
      "original": {
        "owner": "symphorien",
        "repo": "nixseparatedebuginfod",
        "type": "github"
      }
    },
    "root": {
      "inputs": {
        "flake-utils": "flake-utils",
        "nixpkgs": "nixpkgs",
        "nixseparatedebuginfod": "nixseparatedebuginfod",
        "xonsh-direnv-src": "xonsh-direnv-src",
        "xontrib-abbrevs-src": "xontrib-abbrevs-src"
      }
    },
    "systems": {
      "locked": {
        "lastModified": 1681028828,
        "narHash": "sha256-Vy1rq5AaRuLzOxct8nz4T6wlgyUR7zLU309k9mBC768=",
        "owner": "nix-systems",
        "repo": "default",
        "rev": "da67096a3b9bf56a91d16901293e51ba5b49a27e",
        "type": "github"
      },
      "original": {
        "owner": "nix-systems",
        "repo": "default",
        "type": "github"
      }
    },
    "systems_2": {
      "locked": {
        "lastModified": 1681028828,
        "narHash": "sha256-Vy1rq5AaRuLzOxct8nz4T6wlgyUR7zLU309k9mBC768=",
        "owner": "nix-systems",
        "repo": "default",
        "rev": "da67096a3b9bf56a91d16901293e51ba5b49a27e",
        "type": "github"
      },
      "original": {
        "owner": "nix-systems",
        "repo": "default",
        "type": "github"
      }
    },
    "xonsh-direnv-src": {
      "flake": false,
      "locked": {
        "lastModified": 1655612855,
        "narHash": "sha256-979y+jUKZkdIyXx4q0f92jX/crFr9LDrA/5hfXm1CpU=",
        "owner": "74th",
        "repo": "xonsh-direnv",
        "rev": "836161572b3614daf3f441585cb78840e9b96ffe",
        "type": "github"
      },
      "original": {
        "owner": "74th",
        "ref": "1.6.1",
        "repo": "xonsh-direnv",
        "type": "github"
      }
    },
    "xontrib-abbrevs-src": {
      "flake": false,
      "locked": {
        "lastModified": 1676561937,
        "narHash": "sha256-DrZRIU5mzu8RUzm0jak/Eo12wbvWYusJpmqgIAVwe00=",
        "owner": "xonsh",
        "repo": "xontrib-abbrevs",
        "rev": "49a44ba6ed2dabc3aa8823e7ec2c492010b1bbf9",
        "type": "github"
      },
      "original": {
        "owner": "xonsh",
        "ref": "0.0.1",
        "repo": "xontrib-abbrevs",
        "type": "github"
      }
    }
  },
  "root": "root",
  "version": 7
}
